{
  "socketPath": "/tmp/mcp-fcoSEV/mcp.sock",
  "scheme": "unix",
  "headers": {
    "Authorization": "Nonce 99f0eb91-633d-49f9-bc2e-019b230f2b48"
  },
  "pid": 31605,
  "ideName": "Visual Studio Code",
  "timestamp": 1771489266212,
  "workspaceFolders": [
    "/home/riskbot"
  ],
  "isTrusted": true
}